{
  "name": "whitepoint",
  "version": "0.8.0",
  "lockfileVersion": 3,
  "requires": true,
  "packages": {
    "": {
      "name": "whitepoint",
      "version": "0.8.0",
      "license": "MIT",
      "bin": {
        "whitepoint-skill": "bin/install-skill.js"
      },
      "devDependencies": {
        "@material/material-color-utilities": "^0.4.0",
        "@texel/color": "^1.1.11",
        "colorjs.io": "^0.5.2",
        "culori": "^4.0.1",
        "hsluv": "^1.0.1",
        "playwright": "^1.60.0"
      }
    },
    "node_modules/@material/material-color-utilities": {
      "version": "0.4.0",
      "resolved": "https://registry.npmjs.org/@material/material-color-utilities/-/material-color-utilities-0.4.0.tgz",
      "integrity": "sha512-dlq6VExJReb8dhjj3a/yTigr3ncNwoFmL5Iy2ENtbDX03EmNeOEdZ+vsaGrj7RTuO+mB7L58II4LCsl4NpM8uw==",
      "dev": true,
      "license": "Apache-2.0"
    },
    "node_modules/@texel/color": {
      "version": "1.1.11",
      "resolved": "https://registry.npmjs.org/@texel/color/-/color-1.1.11.tgz",
      "integrity": "sha512-/3kKgfBqzrRfLl4RsEccx+Yfj1kVL6Bh6DejVWZ+DPg/jJdcfdYZ5fpD1nXFwWd8OQNATjz+WqsfQfUynSsgRg==",
      "dev": true,
      "license": "MIT"
    },
    "node_modules/colorjs.io": {
      "version": "0.5.2",
      "resolved": "https://registry.npmjs.org/colorjs.io/-/colorjs.io-0.5.2.tgz",
      "integrity": "sha512-twmVoizEW7ylZSN32OgKdXRmo1qg+wT5/6C3xu5b9QsWzSFAhHLn2xd8ro0diCsKfCj1RdaTP/nrcW+vAoQPIw==",
      "dev": true,
      "license": "MIT"
    },
    "node_modules/culori": {
      "version": "4.0.2",
      "resolved": "https://registry.npmjs.org/culori/-/culori-4.0.2.tgz",
      "integrity": "sha512-1+BhOB8ahCn4O0cep0Sh2l9KCOfOdY+BXJnKMHFFzDEouSr/el18QwXEMRlOj9UY5nCeA8UN3a/82rUWRBeyBw==",
      "dev": true,
      "license": "MIT",
      "engines": {
        "node": "^12.20.0 || ^14.13.1 || >=16.0.0"
      }
    },
    "node_modules/fsevents": {
      "version": "2.3.2",
      "resolved": "https://registry.npmjs.org/fsevents/-/fsevents-2.3.2.tgz",
      "integrity": "sha512-xiqMQR4xAeHTuB9uWm+fFRcIOgKBMiOBP+eXiyT7jsgVCq1bkVygt00oASowB7EdtpOHaaPgKt812P9ab+DDKA==",
      "dev": true,
      "hasInstallScript": true,
      "license": "MIT",
      "optional": true,
      "os": [
        "darwin"
      ],
      "engines": {
        "node": "^8.16.0 || ^10.6.0 || >=11.0.0"
      }
    },
    "node_modules/hsluv": {
      "version": "1.0.1",
      "resolved": "https://registry.npmjs.org/hsluv/-/hsluv-1.0.1.tgz",
      "integrity": "sha512-zCaFTiDqBLQjCCFBu0qg7z9ASYPd+Bxx2GDCVZJsnehjK80S+jByqhuFz0pCd2Aw3FSKr18AWbRlwnKR0YdizQ==",
      "dev": true,
      "license": "MIT"
    },
    "node_modules/playwright": {
      "version": "1.60.0",
      "resolved": "https://registry.npmjs.org/playwright/-/playwright-1.60.0.tgz",
      "integrity": "sha512-hheHdokM8cdqCb0lcE3s+zT4t4W+vvjpGxsZlDnikarzx8tSzMebh3UiFtgqwFwnTnjYQcsyMF8ei2mCO/tpeA==",
      "dev": true,
      "license": "Apache-2.0",
      "dependencies": {
        "playwright-core": "1.60.0"
      },
      "bin": {
        "playwright": "cli.js"
      },
      "engines": {
        "node": ">=18"
      },
      "optionalDependencies": {
        "fsevents": "2.3.2"
      }
    },
    "node_modules/playwright-core": {
      "version": "1.60.0",
      "resolved": "https://registry.npmjs.org/playwright-core/-/playwright-core-1.60.0.tgz",
      "integrity": "sha512-9bW6zvX/m0lEbgTKJ6YppOKx8H3VOPBMOCFh2irXFOT4BbHgrx5hPjwJYLT40Lu+4qtD36qKc/Hn56StUW57IA==",
      "dev": true,
      "license": "Apache-2.0",
      "bin": {
        "playwright-core": "cli.js"
      },
      "engines": {
        "node": ">=18"
      }
    }
  }
}
